// !$*UTF8*$!
{
	archiveVersion = 1;
	classes = {
	};
	objectVersion = 50;
	objects = {

/* Begin PBXBuildFile section */
		EAC3DE332212F0FB004A457F /* myftpserver.c in Sources */ = {isa = PBXBuildFile; fileRef = EAC3DE322212F0FB004A457F /* myftpserver.c */; };
		EAC3DE352212F101004A457F /* main.c in Sources */ = {isa = PBXBuildFile; fileRef = EAC3DE342212F101004A457F /* main.c */; };
		FADE04332209D19200BB57D1 /* myftp.c in Sources */ = {isa = PBXBuildFile; fileRef = FADE04322209D19200BB57D1 /* myftp.c */; };
		FADE043C2209D2BD00BB57D1 /* myftpclient.c in Sources */ = {isa = PBXBuildFile; fileRef = FADE043B2209D2BD00BB57D1 /* myftpclient.c */; };
/* End PBXBuildFile section */

/* Begin PBXCopyFilesBuildPhase section */
		FADE042D2209D19200BB57D1 /* CopyFiles */ = {
			isa = PBXCopyFilesBuildPhase;
			buildActionMask = 2147483647;
			dstPath = /usr/share/man/man1/;
			dstSubfolderSpec = 0;
			files = (
			);
			runOnlyForDeploymentPostprocessing = 1;
		};
/* End PBXCopyFilesBuildPhase section */

/* Begin PBXFileReference section */
		EAC3DE322212F0FB004A457F /* myftpserver.c */ = {isa = PBXFileReference; fileEncoding = 4; lastKnownFileType = sourcecode.c.c; path = myftpserver.c; sourceTree = "<group>"; };
		EAC3DE342212F101004A457F /* main.c */ = {isa = PBXFileReference; fileEncoding = 4; lastKnownFileType = sourcecode.c.c; path = main.c; sourceTree = "<group>"; };
		FADE042F2209D19200BB57D1 /* myftp */ = {isa = PBXFileReference; explicitFileType = "compiled.mach-o.executable"; includeInIndex = 0; path = myftp; sourceTree = BUILT_PRODUCTS_DIR; };
		FADE04322209D19200BB57D1 /* myftp.c */ = {isa = PBXFileReference; lastKnownFileType = sourcecode.c.c; path = myftp.c; sourceTree = "<group>"; };
		FADE04392209D1B800BB57D1 /* myftp.h */ = {isa = PBXFileReference; lastKnownFileType = sourcecode.c.h; path = myftp.h; sourceTree = "<group>"; };
		FADE043B2209D2BD00BB57D1 /* myftpclient.c */ = {isa = PBXFileReference; lastKnownFileType = sourcecode.c.c; path = myftpclient.c; sourceTree = "<group>"; };
/* End PBXFileReference section */

/* Begin PBXFrameworksBuildPhase section */
		FADE042C2209D19200BB57D1 /* Frameworks */ = {
			isa = PBXFrameworksBuildPhase;
			buildActionMask = 2147483647;
			files = (
			);
			runOnlyForDeploymentPostprocessing = 0;
		};
/* End PBXFrameworksBuildPhase section */

/* Begin PBXGroup section */
		FADE04262209D19200BB57D1 = {
			isa = PBXGroup;
			children = (
				FADE04312209D19200BB57D1 /* myftp */,
				FADE04302209D19200BB57D1 /* Products */,
			);
			sourceTree = "<group>";
		};
		FADE04302209D19200BB57D1 /* Products */ = {
			isa = PBXGroup;
			children = (
				FADE042F2209D19200BB57D1 /* myftp */,
			);
			name = Products;
			sourceTree = "<group>";
		};
		FADE04312209D19200BB57D1 /* myftp */ = {
			isa = PBXGroup;
			children = (
				FADE04322209D19200BB57D1 /* myftp.c */,
				FADE04392209D1B800BB57D1 /* myftp.h */,
				FADE043B2209D2BD00BB57D1 /* myftpclient.c */,
				EAC3DE322212F0FB004A457F /* myftpserver.c */,
				EAC3DE342212F101004A457F /* main.c */,
			);
			path = myftp;
			sourceTree = "<group>";
		};
/* End PBXGroup section */

/* Begin PBXNativeTarget section */
		FADE042E2209D19200BB57D1 /* myftp */ = {
			isa = PBXNativeTarget;
			buildConfigurationList = FADE04362209D19200BB57D1 /* Build configuration list for PBXNativeTarget "myftp" */;
			buildPhases = (
				FADE042B2209D19200BB57D1 /* Sources */,
				FADE042C2209D19200BB57D1 /* Frameworks */,
				FADE042D2209D19200BB57D1 /* CopyFiles */,
			);
			buildRules = (
			);
			dependencies = (
			);
			name = myftp;
			productName = myftp;
			productReference = FADE042F2209D19200BB57D1 /* myftp */;
			productType = "com.apple.product-type.tool";
		};
/* End PBXNativeTarget section */

/* Begin PBXProject section */
		FADE04272209D19200BB57D1 /* Project object */ = {
			isa = PBXProject;
			attributes = {
				LastUpgradeCheck = 1010;
				ORGANIZATIONNAME = "Mo Mo";
				TargetAttributes = {
					FADE042E2209D19200BB57D1 = {
						CreatedOnToolsVersion = 10.1;
					};
				};
			};
			buildConfigurationList = FADE042A2209D19200BB57D1 /* Build configuration list for PBXProject "myftp" */;
			compatibilityVersion = "Xcode 9.3";
			developmentRegion = en;
			hasScannedForEncodings = 0;
			knownRegions = (
				en,
			);
			mainGroup = FADE04262209D19200BB57D1;
			productRefGroup = FADE04302209D19200BB57D1 /* Products */;
			projectDirPath = "";
			projectRoot = "";
			targets = (
				FADE042E2209D19200BB57D1 /* myftp */,
			);
		};
/* End PBXProject section */

/* Begin PBXSourcesBuildPhase section */
		FADE042B2209D19200BB57D1 /* Sources */ = {
			isa = PBXSourcesBuildPhase;
			buildActionMask = 2147483647;
			files = (
				EAC3DE352212F101004A457F /* main.c in Sources */,
				EAC3DE332212F0FB004A457F /* myftpserver.c in Sources */,
				FADE04332209D19200BB57D1 /* myftp.c in Sources */,
				FADE043C2209D2BD00BB57D1 /* myftpclient.c in Sources */,
			);
			runOnlyForDeploymentPostprocessing = 0;
		};
/* End PBXSourcesBuildPhase section */

/* Begin XCBuildConfiguration section */
		FADE04342209D19200BB57D1 /* Debug */ = {
			isa = XCBuildConfiguration;
			buildSettings = {
				ALWAYS_SEARCH_USER_PATHS = NO;
				CLANG_ANALYZER_NONNULL = YES;
				CLANG_ANALYZER_NUMBER_OBJECT_CONVERSION = YES_AGGRESSIVE;
				CLANG_CXX_LANGUAGE_STANDARD = "gnu++14";
				CLANG_CXX_LIBRARY = "libc++";
				CLANG_ENABLE_MODULES = YES;
				CLANG_ENABLE_OBJC_ARC = YES;
				CLANG_ENABLE_OBJC_WEAK = YES;
				CLANG_WARN_BLOCK_CAPTURE_AUTORELEASING = YES;
				CLANG_WARN_BOOL_CONVERSION = YES;
				CLANG_WARN_COMMA = YES;
				CLANG_WARN_CONSTANT_CONVERSION = YES;
				CLANG_WARN_DEPRECATED_OBJC_IMPLEMENTATIONS = YES;
				CLANG_WARN_DIRECT_OBJC_ISA_USAGE = YES_ERROR;
				CLANG_WARN_DOCUMENTATION_COMMENTS = YES;
				CLANG_WARN_EMPTY_BODY = YES;
				CLANG_WARN_ENUM_CONVERSION = YES;
				CLANG_WARN_INFINITE_RECURSION = YES;
				CLANG_WARN_INT_CONVERSION = YES;
				CLANG_WARN_NON_LITERAL_NULL_CONVERSION = YES;
				CLANG_WARN_OBJC_IMPLICIT_RETAIN_SELF = YES;
				CLANG_WARN_OBJC_LITERAL_CONVERSION = YES;
				CLANG_WARN_OBJC_ROOT_CLASS = YES_ERROR;
				CLANG_WARN_RANGE_LOOP_ANALYSIS = YES;
				CLANG_WARN_STRICT_PROTOTYPES = YES;
				CLANG_WARN_SUSPICIOUS_MOVE = YES;
				CLANG_WARN_UNGUARDED_AVAILABILITY = YES_AGGRESSIVE;
				CLANG_WARN_UNREACHABLE_CODE = YES;
				CLANG_WARN__DUPLICATE_METHOD_MATCH = YES;
				CODE_SIGN_IDENTITY = "-";
				COPY_PHASE_STRIP = NO;
				DEBUG_INFORMATION_FORMAT = dwarf;
				ENABLE_STRICT_OBJC_MSGSEND = YES;
				ENABLE_TESTABILITY = YES;
				GCC_C_LANGUAGE_STANDARD = gnu11;
				GCC_DYNAMIC_NO_PIC = NO;
				GCC_NO_COMMON_BLOCKS = YES;
				GCC_OPTIMIZATION_LEVEL = 0;
				GCC_PREPROCESSOR_DEFINITIONS = (
					"DEBUG=1",
					"$(inherited)",
				);
				GCC_WARN_64_TO_32_BIT_CONVERSION = YES;
				GCC_WARN_ABOUT_RETURN_TYPE = YES_ERROR;
				GCC_WARN_UNDECLARED_SELECTOR = YES;
				GCC_WARN_UNINITIALIZED_AUTOS = YES_AGGRESSIVE;
				GCC_WARN_UNUSED_FUNCTION = YES;
				GCC_WARN_UNUSED_VARIABLE = YES;
				MACOSX_DEPLOYMENT_TARGET = 10.14;
				MTL_ENABLE_DEBUG_INFO = INCLUDE_SOURCE;
				MTL_FAST_MATH = YES;
				ONLY_ACTIVE_ARCH = YES;
				SDKROOT = macosx;
			};
			name = Debug;
		};
		FADE04352209D19200BB57D1 /* Release */ = {
			isa = XCBuildConfiguration;
			buildSettings = {
				ALWAYS_SEARCH_USER_PATHS = NO;
				CLANG_ANALYZER_NONNULL = YES;
				CLANG_ANALYZER_NUMBER_OBJECT_CONVERSION = YES_AGGRESSIVE;
				CLANG_CXX_LANGUAGE_STANDARD = "gnu++14";
				CLANG_CXX_LIBRARY = "libc++";
				CLANG_ENABLE_MODULES = YES;
				CLANG_ENABLE_OBJC_ARC = YES;
				CLANG_ENABLE_OBJC_WEAK = YES;
				CLANG_WARN_BLOCK_CAPTURE_AUTORELEASING = YES;
				CLANG_WARN_BOOL_CONVERSION = YES;
				CLANG_WARN_COMMA = YES;
				CLANG_WARN_CONSTANT_CONVERSION = YES;
				CLANG_WARN_DEPRECATED_OBJC_IMPLEMENTATIONS = YES;
				CLANG_WARN_DIRECT_OBJC_ISA_USAGE = YES_ERROR;
				CLANG_WARN_DOCUMENTATION_COMMENTS = YES;
				CLANG_WARN_EMPTY_BODY = YES;
				CLANG_WARN_ENUM_CONVERSION = YES;
				CLANG_WARN_INFINITE_RECURSION = YES;
				CLANG_WARN_INT_CONVERSION = YES;
				CLANG_WARN_NON_LITERAL_NULL_CONVERSION = YES;
				CLANG_WARN_OBJC_IMPLICIT_RETAIN_SELF = YES;
				CLANG_WARN_OBJC_LITERAL_CONVERSION = YES;
				CLANG_WARN_OBJC_ROOT_CLASS = YES_ERROR;
				CLANG_WARN_RANGE_LOOP_ANALYSIS = YES;
				CLANG_WARN_STRICT_PROTOTYPES = YES;
				CLANG_WARN_SUSPICIOUS_MOVE = YES;
				CLANG_WARN_UNGUARDED_AVAILABILITY = YES_AGGRESSIVE;
				CLANG_WARN_UNREACHABLE_CODE = YES;
				CLANG_WARN__DUPLICATE_METHOD_MATCH = YES;
				CODE_SIGN_IDENTITY = "-";
				COPY_PHASE_STRIP = NO;
				DEBUG_INFORMATION_FORMAT = "dwarf-with-dsym";
				ENABLE_NS_ASSERTIONS = NO;
				ENABLE_STRICT_OBJC_MSGSEND = YES;
				GCC_C_LANGUAGE_STANDARD = gnu11;
				GCC_NO_COMMON_BLOCKS = YES;
				GCC_WARN_64_TO_32_BIT_CONVERSION = YES;
				GCC_WARN_ABOUT_RETURN_TYPE = YES_ERROR;
				GCC_WARN_UNDECLARED_SELECTOR = YES;
				GCC_WARN_UNINITIALIZED_AUTOS = YES_AGGRESSIVE;
				GCC_WARN_UNUSED_FUNCTION = YES;
				GCC_WARN_UNUSED_VARIABLE = YES;
				MACOSX_DEPLOYMENT_TARGET = 10.14;
				MTL_ENABLE_DEBUG_INFO = NO;
				MTL_FAST_MATH = YES;
				SDKROOT = macosx;
			};
			name = Release;
		};
		FADE04372209D19200BB57D1 /* Debug */ = {
			isa = XCBuildConfiguration;
			buildSettings = {
				CODE_SIGN_STYLE = Automatic;
				PRODUCT_NAME = "$(TARGET_NAME)";
			};
			name = Debug;
		};
		FADE04382209D19200BB57D1 /* Release */ = {
			isa = XCBuildConfiguration;
			buildSettings = {
				CODE_SIGN_STYLE = Automatic;
				PRODUCT_NAME = "$(TARGET_NAME)";
			};
			name = Release;
		};
/* End XCBuildConfiguration section */

/* Begin XCConfigurationList section */
		FADE042A2209D19200BB57D1 /* Build configuration list for PBXProject "myftp" */ = {
			isa = XCConfigurationList;
			buildConfigurations = (
				FADE04342209D19200BB57D1 /* Debug */,
				FADE04352209D19200BB57D1 /* Release */,
			);
			defaultConfigurationIsVisible = 0;
			defaultConfigurationName = Release;
		};
		FADE04362209D19200BB57D1 /* Build configuration list for PBXNativeTarget "myftp" */ = {
			isa = XCConfigurationList;
			buildConfigurations = (
				FADE04372209D19200BB57D1 /* Debug */,
				FADE04382209D19200BB57D1 /* Release */,
			);
			defaultConfigurationIsVisible = 0;
			defaultConfigurationName = Release;
		};
/* End XCConfigurationList section */
	};
	rootObject = FADE04272209D19200BB57D1 /* Project object */;
}
